// !$*UTF8*$!
{
	archiveVersion = 1;
	classes = {
	};
	objectVersion = 46;
	objects = {

/* Begin PBXBuildFile section */
		D009A71A171742ED00BC4D77 /* LXReorderableCollectionViewFlowLayout.m in Sources */ = {isa = PBXBuildFile; fileRef = D009A719171742ED00BC4D77 /* LXReorderableCollectionViewFlowLayout.m */; };
		D009A71D171744A800BC4D77 /* PHCollectionViewCell.m in Sources */ = {isa = PBXBuildFile; fileRef = D009A71C171744A800BC4D77 /* PHCollectionViewCell.m */; };
		D009A720171787EC00BC4D77 /* PHCollectionViewFlowLayout.m in Sources */ = {isa = PBXBuildFile; fileRef = D009A71F171787EA00BC4D77 /* PHCollectionViewFlowLayout.m */; };
		D009A72517178E9700BC4D77 /* UILabel+VerticalAlignment.m in Sources */ = {isa = PBXBuildFile; fileRef = D009A72417178E9700BC4D77 /* UILabel+VerticalAlignment.m */; };
		D009A728171A2AD900BC4D77 /* delete.png in Resources */ = {isa = PBXBuildFile; fileRef = D009A726171A2AD900BC4D77 /* delete.png */; };
		D009A729171A2AD900BC4D77 /* delete@2x.png in Resources */ = {isa = PBXBuildFile; fileRef = D009A727171A2AD900BC4D77 /* delete@2x.png */; };
		D030E6B415C0D2DB00CB5285 /* UIKit.framework in Frameworks */ = {isa = PBXBuildFile; fileRef = D030E6B315C0D2DB00CB5285 /* UIKit.framework */; };
		D030E6B615C0D2DB00CB5285 /* Foundation.framework in Frameworks */ = {isa = PBXBuildFile; fileRef = D030E6B515C0D2DB00CB5285 /* Foundation.framework */; };
		D030E6B815C0D2DB00CB5285 /* CoreGraphics.framework in Frameworks */ = {isa = PBXBuildFile; fileRef = D030E6B715C0D2DB00CB5285 /* CoreGraphics.framework */; };
		D030E6BE15C0D2DB00CB5285 /* InfoPlist.strings in Resources */ = {isa = PBXBuildFile; fileRef = D030E6BC15C0D2DB00CB5285 /* InfoPlist.strings */; };
		D030E6C015C0D2DB00CB5285 /* main.m in Sources */ = {isa = PBXBuildFile; fileRef = D030E6BF15C0D2DB00CB5285 /* main.m */; };
		D030E6C415C0D2DB00CB5285 /* PHAppDelegate.m in Sources */ = {isa = PBXBuildFile; fileRef = D030E6C315C0D2DB00CB5285 /* PHAppDelegate.m */; };
		D030E6CD15C0D2DB00CB5285 /* PHDetailViewController.m in Sources */ = {isa = PBXBuildFile; fileRef = D030E6CC15C0D2DB00CB5285 /* PHDetailViewController.m */; };
		D036328916684C77000D3C0B /* PHDownloader.m in Sources */ = {isa = PBXBuildFile; fileRef = D036328816684C77000D3C0B /* PHDownloader.m */; };
		D0363291166961F3000D3C0B /* PHArticle.m in Sources */ = {isa = PBXBuildFile; fileRef = D0363290166961F3000D3C0B /* PHArticle.m */; };
		D0363294166AD2C6000D3C0B /* NSMutableArray+Extra.m in Sources */ = {isa = PBXBuildFile; fileRef = D0363293166AD2C6000D3C0B /* NSMutableArray+Extra.m */; };
		D0363297166EB00B000D3C0B /* edit.png in Resources */ = {isa = PBXBuildFile; fileRef = D0363295166EB00B000D3C0B /* edit.png */; };
		D0363298166EB00B000D3C0B /* edit@2x.png in Resources */ = {isa = PBXBuildFile; fileRef = D0363296166EB00B000D3C0B /* edit@2x.png */; };
		D036329F167296F6000D3C0B /* UINavigationController+DismissKeyboard.m in Sources */ = {isa = PBXBuildFile; fileRef = D036329E167296F5000D3C0B /* UINavigationController+DismissKeyboard.m */; };
		D03632A31676829D000D3C0B /* text.png in Resources */ = {isa = PBXBuildFile; fileRef = D03632A11676829D000D3C0B /* text.png */; };
		D03632A41676829D000D3C0B /* text@2x.png in Resources */ = {isa = PBXBuildFile; fileRef = D03632A21676829D000D3C0B /* text@2x.png */; };
		D05B89F8171F4E2900C61968 /* download.png in Resources */ = {isa = PBXBuildFile; fileRef = D05B89F6171F4E2900C61968 /* download.png */; };
		D05B89F9171F4E2900C61968 /* download@2x.png in Resources */ = {isa = PBXBuildFile; fileRef = D05B89F7171F4E2900C61968 /* download@2x.png */; };
		D05B89FD1725FB0800C61968 /* UIColor+Expanded.m in Sources */ = {isa = PBXBuildFile; fileRef = D05B89FC1725FB0800C61968 /* UIColor+Expanded.m */; };
		D05B8A001727111C00C61968 /* add.png in Resources */ = {isa = PBXBuildFile; fileRef = D05B89FE1727111C00C61968 /* add.png */; };
		D05B8A011727111C00C61968 /* add@2x.png in Resources */ = {isa = PBXBuildFile; fileRef = D05B89FF1727111C00C61968 /* add@2x.png */; };
		D05B8A04172720D300C61968 /* refresh.png in Resources */ = {isa = PBXBuildFile; fileRef = D05B8A02172720D200C61968 /* refresh.png */; };
		D05B8A05172720D300C61968 /* refresh@2x.png in Resources */ = {isa = PBXBuildFile; fileRef = D05B8A03172720D300C61968 /* refresh@2x.png */; };
		D05B8A08172730C400C61968 /* stop.png in Resources */ = {isa = PBXBuildFile; fileRef = D05B8A06172730C400C61968 /* stop.png */; };
		D05B8A09172730C400C61968 /* stop@2x.png in Resources */ = {isa = PBXBuildFile; fileRef = D05B8A07172730C400C61968 /* stop@2x.png */; };
		D05B8A0E1728BE1100C61968 /* grid.png in Resources */ = {isa = PBXBuildFile; fileRef = D05B8A0C1728BE0F00C61968 /* grid.png */; };
		D05B8A0F1728BE1100C61968 /* grid@2x.png in Resources */ = {isa = PBXBuildFile; fileRef = D05B8A0D1728BE1000C61968 /* grid@2x.png */; };
		D0C96272172F1A170065720B /* home.png in Resources */ = {isa = PBXBuildFile; fileRef = D0C96270172F1A170065720B /* home.png */; };
		D0C96273172F1A170065720B /* home@2x.png in Resources */ = {isa = PBXBuildFile; fileRef = D0C96271172F1A170065720B /* home@2x.png */; };
		D0CDB7CD15C1BA4F0074B143 /* libxml2.dylib in Frameworks */ = {isa = PBXBuildFile; fileRef = D0CDB7CC15C1BA4F0074B143 /* libxml2.dylib */; };
		D0CDB7D215C1F5900074B143 /* HTMLNode.m in Sources */ = {isa = PBXBuildFile; fileRef = D0CDB7CF15C1F5900074B143 /* HTMLNode.m */; };
		D0CDB7D315C1F5900074B143 /* HTMLParser.m in Sources */ = {isa = PBXBuildFile; fileRef = D0CDB7D115C1F5900074B143 /* HTMLParser.m */; };
		D0CDB7DA15C33FB70074B143 /* pmc.html in Resources */ = {isa = PBXBuildFile; fileRef = D0CDB7D715C33FB70074B143 /* pmc.html */; };
		D0CDB7DC15C340660074B143 /* pmc.js in Resources */ = {isa = PBXBuildFile; fileRef = D0CDB7D615C33FB70074B143 /* pmc.js */; };
		D0D1C75B15CB652A0097CA9C /* PHPrefViewController.m in Sources */ = {isa = PBXBuildFile; fileRef = D0D1C75A15CB652A0097CA9C /* PHPrefViewController.m */; };
		D0D3999C16C06FB800EA2497 /* PHArticleNavigationItem.m in Sources */ = {isa = PBXBuildFile; fileRef = D0D3999B16C06FB800EA2497 /* PHArticleNavigationItem.m */; };
		D0D3999F16C1B5B600EA2497 /* PHArticleNavigationControllerViewController.m in Sources */ = {isa = PBXBuildFile; fileRef = D0D3999E16C1B5B600EA2497 /* PHArticleNavigationControllerViewController.m */; };
		D0D399A216C1F1C400EA2497 /* contents@2x.png in Resources */ = {isa = PBXBuildFile; fileRef = D0D399A016C1F1C400EA2497 /* contents@2x.png */; };
		D0D399A316C1F1C400EA2497 /* contents.png in Resources */ = {isa = PBXBuildFile; fileRef = D0D399A116C1F1C400EA2497 /* contents.png */; };
		D0D399AA16C2DBF800EA2497 /* DejaVuSans-Oblique.ttf in Resources */ = {isa = PBXBuildFile; fileRef = D0D399A516C2DBF800EA2497 /* DejaVuSans-Oblique.ttf */; };
		D0D399AB16C2DBF800EA2497 /* DejaVuSans.ttf in Resources */ = {isa = PBXBuildFile; fileRef = D0D399A616C2DBF800EA2497 /* DejaVuSans.ttf */; };
		D0D399AC16C2DBF800EA2497 /* DejaVuSans-Bold.ttf in Resources */ = {isa = PBXBuildFile; fileRef = D0D399A716C2DBF800EA2497 /* DejaVuSans-Bold.ttf */; };
		D0D399AD16C2DBF800EA2497 /* DejaVuSans-BoldOblique.ttf in Resources */ = {isa = PBXBuildFile; fileRef = D0D399A816C2DBF800EA2497 /* DejaVuSans-BoldOblique.ttf */; };
		D0D399B516C2E09300EA2497 /* DejaVuSerif-Bold.ttf in Resources */ = {isa = PBXBuildFile; fileRef = D0D399B116C2E09300EA2497 /* DejaVuSerif-Bold.ttf */; };
		D0D399B616C2E09300EA2497 /* DejaVuSerif-BoldItalic.ttf in Resources */ = {isa = PBXBuildFile; fileRef = D0D399B216C2E09300EA2497 /* DejaVuSerif-BoldItalic.ttf */; };
		D0D399B716C2E09300EA2497 /* DejaVuSerif-Italic.ttf in Resources */ = {isa = PBXBuildFile; fileRef = D0D399B316C2E09300EA2497 /* DejaVuSerif-Italic.ttf */; };
		D0D399B816C2E09300EA2497 /* DejaVuSerif.ttf in Resources */ = {isa = PBXBuildFile; fileRef = D0D399B416C2E09300EA2497 /* DejaVuSerif.ttf */; };
		D0D399BC16C2E4A800EA2497 /* LibreBaskerville-Bold.ttf in Resources */ = {isa = PBXBuildFile; fileRef = D0D399B916C2E4A800EA2497 /* LibreBaskerville-Bold.ttf */; };
		D0D399BD16C2E4A800EA2497 /* LibreBaskerville-Italic.ttf in Resources */ = {isa = PBXBuildFile; fileRef = D0D399BA16C2E4A800EA2497 /* LibreBaskerville-Italic.ttf */; };
		D0D399BE16C2E4A800EA2497 /* LibreBaskerville-Regular.ttf in Resources */ = {isa = PBXBuildFile; fileRef = D0D399BB16C2E4A800EA2497 /* LibreBaskerville-Regular.ttf */; };
		D0EB6F5815E3123100D3E790 /* icon-72.png in Resources */ = {isa = PBXBuildFile; fileRef = D0EB6F5715E3123100D3E790 /* icon-72.png */; };
		D0EB6F5B15E3124500D3E790 /* icon-144.png in Resources */ = {isa = PBXBuildFile; fileRef = D0EB6F5A15E3124500D3E790 /* icon-144.png */; };
		D0EB6F5D15E31AFB00D3E790 /* Default-Landscape@2x~ipad.png in Resources */ = {isa = PBXBuildFile; fileRef = D0EB6F5C15E31AFB00D3E790 /* Default-Landscape@2x~ipad.png */; };
		D0EB6F5F15E31B0000D3E790 /* Default-Portrait@2x~ipad.png in Resources */ = {isa = PBXBuildFile; fileRef = D0EB6F5E15E31B0000D3E790 /* Default-Portrait@2x~ipad.png */; };
		D0EB6F6115E31B0400D3E790 /* Default-Landscape~ipad.png in Resources */ = {isa = PBXBuildFile; fileRef = D0EB6F6015E31B0400D3E790 /* Default-Landscape~ipad.png */; };
		D0EB6F6315E31B0800D3E790 /* Default-Portrait~ipad.png in Resources */ = {isa = PBXBuildFile; fileRef = D0EB6F6215E31B0800D3E790 /* Default-Portrait~ipad.png */; };
		D0EB6F6515E4346D00D3E790 /* iTunesArtwork.png in Resources */ = {isa = PBXBuildFile; fileRef = D0EB6F6415E4346D00D3E790 /* iTunesArtwork.png */; };
		D0ECA8CC15DD9C1800D3C205 /* action.png in Resources */ = {isa = PBXBuildFile; fileRef = D0ECA8C815DD9C1800D3C205 /* action.png */; };
		D0ECA8CD15DD9C1800D3C205 /* action@2x.png in Resources */ = {isa = PBXBuildFile; fileRef = D0ECA8C915DD9C1800D3C205 /* action@2x.png */; };
		D0ED242B15DDD35000AE4803 /* back.png in Resources */ = {isa = PBXBuildFile; fileRef = D0ED242915DDD35000AE4803 /* back.png */; };
		D0ED242C15DDD35000AE4803 /* back@2x.png in Resources */ = {isa = PBXBuildFile; fileRef = D0ED242A15DDD35000AE4803 /* back@2x.png */; };
		D0ED242F15DDD46B00AE4803 /* forward.png in Resources */ = {isa = PBXBuildFile; fileRef = D0ED242D15DDD46B00AE4803 /* forward.png */; };
		D0ED243015DDD46B00AE4803 /* forward@2x.png in Resources */ = {isa = PBXBuildFile; fileRef = D0ED242E15DDD46B00AE4803 /* forward@2x.png */; };
		D0ED8FC0165AEEBD0081E81E /* PHSearchViewController.m in Sources */ = {isa = PBXBuildFile; fileRef = D0ED8FBF165AEEBD0081E81E /* PHSearchViewController.m */; };
		D0ED8FC4165B1F900081E81E /* RXMLElement.m in Sources */ = {isa = PBXBuildFile; fileRef = D0ED8FC3165B1F900081E81E /* RXMLElement.m */; };
		D0ED8FC7165C6A950081E81E /* PHTableViewCell.m in Sources */ = {isa = PBXBuildFile; fileRef = D0ED8FC6165C6A950081E81E /* PHTableViewCell.m */; };
		D0ED8FC9165C6B190081E81E /* PHTableViewCell.xib in Resources */ = {isa = PBXBuildFile; fileRef = D0ED8FC8165C6B190081E81E /* PHTableViewCell.xib */; };
		D0EEADE416FA29C900DBAC4C /* PHArticleReference.m in Sources */ = {isa = PBXBuildFile; fileRef = D0EEADE316FA29C900DBAC4C /* PHArticleReference.m */; };
		D0EEADE916FA76DF00DBAC4C /* PopoverView.m in Sources */ = {isa = PBXBuildFile; fileRef = D0EEADE716FA76DF00DBAC4C /* PopoverView.m */; };
		D0EEADEC16FA770000DBAC4C /* RTLabel.m in Sources */ = {isa = PBXBuildFile; fileRef = D0EEADEB16FA770000DBAC4C /* RTLabel.m */; };
		D0EEADEF16FA79D900DBAC4C /* CoreText.framework in Frameworks */ = {isa = PBXBuildFile; fileRef = D0EEADEE16FA79D900DBAC4C /* CoreText.framework */; };
		D0EEAE021704C1B500DBAC4C /* SCCalloutView.m in Sources */ = {isa = PBXBuildFile; fileRef = D0EEADFE1704C1B500DBAC4C /* SCCalloutView.m */; };
		D0EEAE031704C1B500DBAC4C /* SCPageScrubberBar.bundle in Resources */ = {isa = PBXBuildFile; fileRef = D0EEADFF1704C1B500DBAC4C /* SCPageScrubberBar.bundle */; };
		D0EEAE041704C1B500DBAC4C /* SCPageScrubberBar.m in Sources */ = {isa = PBXBuildFile; fileRef = D0EEAE011704C1B500DBAC4C /* SCPageScrubberBar.m */; };
		D0EEAE071708F5AD00DBAC4C /* TransparentToolbar.m in Sources */ = {isa = PBXBuildFile; fileRef = D0EEAE061708F5AC00DBAC4C /* TransparentToolbar.m */; };
		D0EEAE0D170A1F8100DBAC4C /* paginate1.png in Resources */ = {isa = PBXBuildFile; fileRef = D0EEAE09170A1F7F00DBAC4C /* paginate1.png */; };
		D0EEAE0E170A1F8100DBAC4C /* paginate1@2x.png in Resources */ = {isa = PBXBuildFile; fileRef = D0EEAE0A170A1F8000DBAC4C /* paginate1@2x.png */; };
		D0EEAE0F170A1F8100DBAC4C /* paginate2.png in Resources */ = {isa = PBXBuildFile; fileRef = D0EEAE0B170A1F8000DBAC4C /* paginate2.png */; };
		D0EEAE10170A1F8100DBAC4C /* paginate2@2x.png in Resources */ = {isa = PBXBuildFile; fileRef = D0EEAE0C170A1F8000DBAC4C /* paginate2@2x.png */; };
		D0EF085615D2FB2C005689E1 /* pmc_template.css in Resources */ = {isa = PBXBuildFile; fileRef = D0EF085515D2FB2C005689E1 /* pmc_template.css */; };
		D0EF086B15D31306005689E1 /* defaults.plist in Resources */ = {isa = PBXBuildFile; fileRef = D0EF086A15D31306005689E1 /* defaults.plist */; };
		D0EFC98415D4915100C26580 /* fontsizel.png in Resources */ = {isa = PBXBuildFile; fileRef = D0EFC97E15D4914F00C26580 /* fontsizel.png */; };
		D0EFC98515D4915100C26580 /* fontsizel@2x.png in Resources */ = {isa = PBXBuildFile; fileRef = D0EFC97F15D4914F00C26580 /* fontsizel@2x.png */; };
		D0EFC98615D4915100C26580 /* fontsizem.png in Resources */ = {isa = PBXBuildFile; fileRef = D0EFC98015D4914F00C26580 /* fontsizem.png */; };
		D0EFC98715D4915100C26580 /* fontsizem@2x.png in Resources */ = {isa = PBXBuildFile; fileRef = D0EFC98115D4914F00C26580 /* fontsizem@2x.png */; };
		D0EFC98815D4915100C26580 /* fontsizes.png in Resources */ = {isa = PBXBuildFile; fileRef = D0EFC98215D4915000C26580 /* fontsizes.png */; };
		D0EFC98915D4915100C26580 /* fontsizes@2x.png in Resources */ = {isa = PBXBuildFile; fileRef = D0EFC98315D4915000C26580 /* fontsizes@2x.png */; };
		D0EFC99015D4952900C26580 /* lineheight1.png in Resources */ = {isa = PBXBuildFile; fileRef = D0EFC98A15D4952900C26580 /* lineheight1.png */; };
		D0EFC99115D4952900C26580 /* lineheight1@2x.png in Resources */ = {isa = PBXBuildFile; fileRef = D0EFC98B15D4952900C26580 /* lineheight1@2x.png */; };
		D0EFC99215D4952900C26580 /* lineheight2.png in Resources */ = {isa = PBXBuildFile; fileRef = D0EFC98C15D4952900C26580 /* lineheight2.png */; };
		D0EFC99315D4952900C26580 /* lineheight2@2x.png in Resources */ = {isa = PBXBuildFile; fileRef = D0EFC98D15D4952900C26580 /* lineheight2@2x.png */; };
		D0EFC99415D4952900C26580 /* lineheight3.png in Resources */ = {isa = PBXBuildFile; fileRef = D0EFC98E15D4952900C26580 /* lineheight3.png */; };
		D0EFC99515D4952900C26580 /* lineheight3@2x.png in Resources */ = {isa = PBXBuildFile; fileRef = D0EFC98F15D4952900C26580 /* lineheight3@2x.png */; };
		D0EFC99C15D4987200C26580 /* margin1.png in Resources */ = {isa = PBXBuildFile; fileRef = D0EFC99615D4987200C26580 /* margin1.png */; };
		D0EFC99D15D4987200C26580 /* margin1@2x.png in Resources */ = {isa = PBXBuildFile; fileRef = D0EFC99715D4987200C26580 /* margin1@2x.png */; };
		D0EFC99E15D4987200C26580 /* margin2.png in Resources */ = {isa = PBXBuildFile; fileRef = D0EFC99815D4987200C26580 /* margin2.png */; };
		D0EFC99F15D4987200C26580 /* margin2@2x.png in Resources */ = {isa = PBXBuildFile; fileRef = D0EFC99915D4987200C26580 /* margin2@2x.png */; };
		D0EFC9A015D4987200C26580 /* margin3.png in Resources */ = {isa = PBXBuildFile; fileRef = D0EFC99A15D4987200C26580 /* margin3.png */; };
		D0EFC9A115D4987200C26580 /* margin3@2x.png in Resources */ = {isa = PBXBuildFile; fileRef = D0EFC99B15D4987200C26580 /* margin3@2x.png */; };
		D0EFC9A815D49BE400C26580 /* background3.png in Resources */ = {isa = PBXBuildFile; fileRef = D0EFC9A615D49BE400C26580 /* background3.png */; };
		D0EFC9A915D49BE400C26580 /* background3@2x.png in Resources */ = {isa = PBXBuildFile; fileRef = D0EFC9A715D49BE400C26580 /* background3@2x.png */; };
		D0EFC9AC15D707CF00C26580 /* background1.png in Resources */ = {isa = PBXBuildFile; fileRef = D0EFC9AA15D707CF00C26580 /* background1.png */; };
		D0EFC9AD15D707CF00C26580 /* background1@2x.png in Resources */ = {isa = PBXBuildFile; fileRef = D0EFC9AB15D707CF00C26580 /* background1@2x.png */; };
		D0EFC9B015D70BD500C26580 /* background2.png in Resources */ = {isa = PBXBuildFile; fileRef = D0EFC9AE15D70BD500C26580 /* background2.png */; };
		D0EFC9B115D70BD500C26580 /* background2@2x.png in Resources */ = {isa = PBXBuildFile; fileRef = D0EFC9AF15D70BD500C26580 /* background2@2x.png */; };
		D0F4141516C711B60033C1E9 /* QuartzCore.framework in Frameworks */ = {isa = PBXBuildFile; fileRef = D0F4141416C711B60033C1E9 /* QuartzCore.framework */; };
		D0F41E3A163C90620078DF2A /* MCSegmentedControl.m in Sources */ = {isa = PBXBuildFile; fileRef = D0F41E39163C90620078DF2A /* MCSegmentedControl.m */; settings = {COMPILER_FLAGS = "-fno-objc-arc"; }; };
		D0F6004616375D9100ADBC38 /* iPad.storyboard in Resources */ = {isa = PBXBuildFile; fileRef = D0F6004416375D9100ADBC38 /* iPad.storyboard */; };
		D0F60055163775EF00ADBC38 /* PHMasterViewController.m in Sources */ = {isa = PBXBuildFile; fileRef = D0F60052163775EF00ADBC38 /* PHMasterViewController.m */; };
		D0F9DA27170E5FBB00FA64E5 /* PHColors.m in Sources */ = {isa = PBXBuildFile; fileRef = D0F9DA26170E5FBA00FA64E5 /* PHColors.m */; };
		D0F9DA2A1710D7C000FA64E5 /* TransparentNavigationBar.m in Sources */ = {isa = PBXBuildFile; fileRef = D0F9DA291710D7BF00FA64E5 /* TransparentNavigationBar.m */; };
		D0F9DA2D1710EB4C00FA64E5 /* TransparentSearchBar.m in Sources */ = {isa = PBXBuildFile; fileRef = D0F9DA2C1710EB4B00FA64E5 /* TransparentSearchBar.m */; };
/* End PBXBuildFile section */

/* Begin PBXFileReference section */
		D009A718171742ED00BC4D77 /* LXReorderableCollectionViewFlowLayout.h */ = {isa = PBXFileReference; fileEncoding = 4; lastKnownFileType = sourcecode.c.h; name = LXReorderableCollectionViewFlowLayout.h; path = LXReorderableCollectionViewFlowLayout/LXReorderableCollectionViewFlowLayout/LXReorderableCollectionViewFlowLayout.h; sourceTree = SOURCE_ROOT; };
		D009A719171742ED00BC4D77 /* LXReorderableCollectionViewFlowLayout.m */ = {isa = PBXFileReference; fileEncoding = 4; lastKnownFileType = sourcecode.c.objc; name = LXReorderableCollectionViewFlowLayout.m; path = LXReorderableCollectionViewFlowLayout/LXReorderableCollectionViewFlowLayout/LXReorderableCollectionViewFlowLayout.m; sourceTree = SOURCE_ROOT; };
		D009A71B171744A700BC4D77 /* PHCollectionViewCell.h */ = {isa = PBXFileReference; fileEncoding = 4; lastKnownFileType = sourcecode.c.h; path = PHCollectionViewCell.h; sourceTree = "<group>"; };
		D009A71C171744A800BC4D77 /* PHCollectionViewCell.m */ = {isa = PBXFileReference; fileEncoding = 4; lastKnownFileType = sourcecode.c.objc; path = PHCollectionViewCell.m; sourceTree = "<group>"; };
		D009A71E171787E800BC4D77 /* PHCollectionViewFlowLayout.h */ = {isa = PBXFileReference; fileEncoding = 4; lastKnownFileType = sourcecode.c.h; path = PHCollectionViewFlowLayout.h; sourceTree = "<group>"; };
		D009A71F171787EA00BC4D77 /* PHCollectionViewFlowLayout.m */ = {isa = PBXFileReference; fileEncoding = 4; lastKnownFileType = sourcecode.c.objc; path = PHCollectionViewFlowLayout.m; sourceTree = "<group>"; };
		D009A72317178E9700BC4D77 /* UILabel+VerticalAlignment.h */ = {isa = PBXFileReference; fileEncoding = 4; lastKnownFileType = sourcecode.c.h; name = "UILabel+VerticalAlignment.h"; path = "UILabel-VerticalAlignment/UILabel+VerticalAlignment.h"; sourceTree = SOURCE_ROOT; };
		D009A72417178E9700BC4D77 /* UILabel+VerticalAlignment.m */ = {isa = PBXFileReference; fileEncoding = 4; lastKnownFileType = sourcecode.c.objc; name = "UILabel+VerticalAlignment.m"; path = "UILabel-VerticalAlignment/UILabel+VerticalAlignment.m"; sourceTree = SOURCE_ROOT; };
		D009A726171A2AD900BC4D77 /* delete.png */ = {isa = PBXFileReference; lastKnownFileType = image.png; name = delete.png; path = Resources/delete.png; sourceTree = "<group>"; };
		D009A727171A2AD900BC4D77 /* delete@2x.png */ = {isa = PBXFileReference; lastKnownFileType = image.png; name = "delete@2x.png"; path = "Resources/delete@2x.png"; sourceTree = "<group>"; };
		D030E6AF15C0D2DB00CB5285 /* PMC Reader.app */ = {isa = PBXFileReference; explicitFileType = wrapper.application; includeInIndex = 0; path = "PMC Reader.app"; sourceTree = BUILT_PRODUCTS_DIR; };
		D030E6B315C0D2DB00CB5285 /* UIKit.framework */ = {isa = PBXFileReference; lastKnownFileType = wrapper.framework; name = UIKit.framework; path = System/Library/Frameworks/UIKit.framework; sourceTree = SDKROOT; };
		D030E6B515C0D2DB00CB5285 /* Foundation.framework */ = {isa = PBXFileReference; lastKnownFileType = wrapper.framework; name = Foundation.framework; path = System/Library/Frameworks/Foundation.framework; sourceTree = SDKROOT; };
		D030E6B715C0D2DB00CB5285 /* CoreGraphics.framework */ = {isa = PBXFileReference; lastKnownFileType = wrapper.framework; name = CoreGraphics.framework; path = System/Library/Frameworks/CoreGraphics.framework; sourceTree = SDKROOT; };
		D030E6BB15C0D2DB00CB5285 /* PMC Reader-Info.plist */ = {isa = PBXFileReference; lastKnownFileType = text.plist.xml; path = "PMC Reader-Info.plist"; sourceTree = "<group>"; };
		D030E6BD15C0D2DB00CB5285 /* en */ = {isa = PBXFileReference; lastKnownFileType = text.plist.strings; name = en; path = en.lproj/InfoPlist.strings; sourceTree = "<group>"; };
		D030E6BF15C0D2DB00CB5285 /* main.m */ = {isa = PBXFileReference; lastKnownFileType = sourcecode.c.objc; path = main.m; sourceTree = "<group>"; };
		D030E6C115C0D2DB00CB5285 /* PMC Reader-Prefix.pch */ = {isa = PBXFileReference; lastKnownFileType = sourcecode.c.h; path = "PMC Reader-Prefix.pch"; sourceTree = "<group>"; };
		D030E6C215C0D2DB00CB5285 /* PHAppDelegate.h */ = {isa = PBXFileReference; lastKnownFileType = sourcecode.c.h; path = PHAppDelegate.h; sourceTree = "<group>"; };
		D030E6C315C0D2DB00CB5285 /* PHAppDelegate.m */ = {isa = PBXFileReference; lastKnownFileType = sourcecode.c.objc; path = PHAppDelegate.m; sourceTree = "<group>"; };
		D030E6CB15C0D2DB00CB5285 /* PHDetailViewController.h */ = {isa = PBXFileReference; lastKnownFileType = sourcecode.c.h; path = PHDetailViewController.h; sourceTree = "<group>"; };
		D030E6CC15C0D2DB00CB5285 /* PHDetailViewController.m */ = {isa = PBXFileReference; lastKnownFileType = sourcecode.c.objc; lineEnding = 0; path = PHDetailViewController.m; sourceTree = "<group>"; xcLanguageSpecificationIdentifier = xcode.lang.objc; };
		D036328716684C77000D3C0B /* PHDownloader.h */ = {isa = PBXFileReference; fileEncoding = 4; lastKnownFileType = sourcecode.c.h; path = PHDownloader.h; sourceTree = "<group>"; };
		D036328816684C77000D3C0B /* PHDownloader.m */ = {isa = PBXFileReference; fileEncoding = 4; lastKnownFileType = sourcecode.c.objc; path = PHDownloader.m; sourceTree = "<group>"; };
		D036328F166961F2000D3C0B /* PHArticle.h */ = {isa = PBXFileReference; fileEncoding = 4; lastKnownFileType = sourcecode.c.h; path = PHArticle.h; sourceTree = "<group>"; };
		D0363290166961F3000D3C0B /* PHArticle.m */ = {isa = PBXFileReference; fileEncoding = 4; lastKnownFileType = sourcecode.c.objc; path = PHArticle.m; sourceTree = "<group>"; };
		D0363292166AD2C5000D3C0B /* NSMutableArray+Extra.h */ = {isa = PBXFileReference; fileEncoding = 4; lastKnownFileType = sourcecode.c.h; path = "NSMutableArray+Extra.h"; sourceTree = "<group>"; };
		D0363293166AD2C6000D3C0B /* NSMutableArray+Extra.m */ = {isa = PBXFileReference; fileEncoding = 4; lastKnownFileType = sourcecode.c.objc; path = "NSMutableArray+Extra.m"; sourceTree = "<group>"; };
		D0363295166EB00B000D3C0B /* edit.png */ = {isa = PBXFileReference; lastKnownFileType = image.png; name = edit.png; path = Resources/edit.png; sourceTree = "<group>"; };
		D0363296166EB00B000D3C0B /* edit@2x.png */ = {isa = PBXFileReference; lastKnownFileType = image.png; name = "edit@2x.png"; path = "Resources/edit@2x.png"; sourceTree = "<group>"; };
		D036329D167296F5000D3C0B /* UINavigationController+DismissKeyboard.h */ = {isa = PBXFileReference; fileEncoding = 4; lastKnownFileType = sourcecode.c.h; path = "UINavigationController+DismissKeyboard.h"; sourceTree = "<group>"; };
		D036329E167296F5000D3C0B /* UINavigationController+DismissKeyboard.m */ = {isa = PBXFileReference; fileEncoding = 4; lastKnownFileType = sourcecode.c.objc; path = "UINavigationController+DismissKeyboard.m"; sourceTree = "<group>"; };
		D03632A11676829D000D3C0B /* text.png */ = {isa = PBXFileReference; lastKnownFileType = image.png; name = text.png; path = Resources/text.png; sourceTree = "<group>"; };
		D03632A21676829D000D3C0B /* text@2x.png */ = {isa = PBXFileReference; lastKnownFileType = image.png; name = "text@2x.png"; path = "Resources/text@2x.png"; sourceTree = "<group>"; };
		D05B89F6171F4E2900C61968 /* download.png */ = {isa = PBXFileReference; lastKnownFileType = image.png; name = download.png; path = Resources/download.png; sourceTree = "<group>"; };
		D05B89F7171F4E2900C61968 /* download@2x.png */ = {isa = PBXFileReference; lastKnownFileType = image.png; name = "download@2x.png"; path = "Resources/download@2x.png"; sourceTree = "<group>"; };
		D05B89FB1725FB0800C61968 /* UIColor+Expanded.h */ = {isa = PBXFileReference; fileEncoding = 4; lastKnownFileType = sourcecode.c.h; path = "UIColor+Expanded.h"; sourceTree = "<group>"; };
		D05B89FC1725FB0800C61968 /* UIColor+Expanded.m */ = {isa = PBXFileReference; fileEncoding = 4; lastKnownFileType = sourcecode.c.objc; path = "UIColor+Expanded.m"; sourceTree = "<group>"; };
		D05B89FE1727111C00C61968 /* add.png */ = {isa = PBXFileReference; lastKnownFileType = image.png; name = add.png; path = Resources/add.png; sourceTree = "<group>"; };
		D05B89FF1727111C00C61968 /* add@2x.png */ = {isa = PBXFileReference; lastKnownFileType = image.png; name = "add@2x.png"; path = "Resources/add@2x.png"; sourceTree = "<group>"; };
		D05B8A02172720D200C61968 /* refresh.png */ = {isa = PBXFileReference; lastKnownFileType = image.png; name = refresh.png; path = Resources/refresh.png; sourceTree = "<group>"; };
		D05B8A03172720D300C61968 /* refresh@2x.png */ = {isa = PBXFileReference; lastKnownFileType = image.png; name = "refresh@2x.png"; path = "Resources/refresh@2x.png"; sourceTree = "<group>"; };
		D05B8A06172730C400C61968 /* stop.png */ = {isa = PBXFileReference; lastKnownFileType = image.png; name = stop.png; path = Resources/stop.png; sourceTree = "<group>"; };
		D05B8A07172730C400C61968 /* stop@2x.png */ = {isa = PBXFileReference; lastKnownFileType = image.png; name = "stop@2x.png"; path = "Resources/stop@2x.png"; sourceTree = "<group>"; };
		D05B8A0C1728BE0F00C61968 /* grid.png */ = {isa = PBXFileReference; lastKnownFileType = image.png; name = grid.png; path = Resources/grid.png; sourceTree = "<group>"; };
		D05B8A0D1728BE1000C61968 /* grid@2x.png */ = {isa = PBXFileReference; lastKnownFileType = image.png; name = "grid@2x.png"; path = "Resources/grid@2x.png"; sourceTree = "<group>"; };
		D0C96270172F1A170065720B /* home.png */ = {isa = PBXFileReference; lastKnownFileType = image.png; name = home.png; path = Resources/home.png; sourceTree = "<group>"; };
		D0C96271172F1A170065720B /* home@2x.png */ = {isa = PBXFileReference; lastKnownFileType = image.png; name = "home@2x.png"; path = "Resources/home@2x.png"; sourceTree = "<group>"; };
		D0CDB7CC15C1BA4F0074B143 /* libxml2.dylib */ = {isa = PBXFileReference; lastKnownFileType = "compiled.mach-o.dylib"; name = libxml2.dylib; path = usr/lib/libxml2.dylib; sourceTree = SDKROOT; };
		D0CDB7CE15C1F5900074B143 /* HTMLNode.h */ = {isa = PBXFileReference; fileEncoding = 4; lastKnownFileType = sourcecode.c.h; name = HTMLNode.h; path = "../Objective-C-HMTL-Parser/HTMLNode.h"; sourceTree = "<group>"; };
		D0CDB7CF15C1F5900074B143 /* HTMLNode.m */ = {isa = PBXFileReference; fileEncoding = 4; lastKnownFileType = sourcecode.c.objc; name = HTMLNode.m; path = "../Objective-C-HMTL-Parser/HTMLNode.m"; sourceTree = "<group>"; };
		D0CDB7D015C1F5900074B143 /* HTMLParser.h */ = {isa = PBXFileReference; fileEncoding = 4; lastKnownFileType = sourcecode.c.h; name = HTMLParser.h; path = "../Objective-C-HMTL-Parser/HTMLParser.h"; sourceTree = "<group>"; };
		D0CDB7D115C1F5900074B143 /* HTMLParser.m */ = {isa = PBXFileReference; fileEncoding = 4; lastKnownFileType = sourcecode.c.objc; name = HTMLParser.m; path = "../Objective-C-HMTL-Parser/HTMLParser.m"; sourceTree = "<group>"; };
		D0CDB7D615C33FB70074B143 /* pmc.js */ = {isa = PBXFileReference; fileEncoding = 4; lastKnownFileType = sourcecode.javascript; name = pmc.js; path = Resources/pmc.js; sourceTree = "<group>"; };
		D0CDB7D715C33FB70074B143 /* pmc.html */ = {isa = PBXFileReference; fileEncoding = 4; lastKnownFileType = text.html; name = pmc.html; path = Resources/pmc.html; sourceTree = "<group>"; };
		D0D1C75915CB652A0097CA9C /* PHPrefViewController.h */ = {isa = PBXFileReference; fileEncoding = 4; lastKnownFileType = sourcecode.c.h; path = PHPrefViewController.h; sourceTree = "<group>"; };
		D0D1C75A15CB652A0097CA9C /* PHPrefViewController.m */ = {isa = PBXFileReference; fileEncoding = 4; lastKnownFileType = sourcecode.c.objc; path = PHPrefViewController.m; sourceTree = "<group>"; };
		D0D3999A16C06FB800EA2497 /* PHArticleNavigationItem.h */ = {isa = PBXFileReference; fileEncoding = 4; lastKnownFileType = sourcecode.c.h; path = PHArticleNavigationItem.h; sourceTree = "<group>"; };
		D0D3999B16C06FB800EA2497 /* PHArticleNavigationItem.m */ = {isa = PBXFileReference; fileEncoding = 4; lastKnownFileType = sourcecode.c.objc; path = PHArticleNavigationItem.m; sourceTree = "<group>"; };
		D0D3999D16C1B5B600EA2497 /* PHArticleNavigationControllerViewController.h */ = {isa = PBXFileReference; fileEncoding = 4; lastKnownFileType = sourcecode.c.h; path = PHArticleNavigationControllerViewController.h; sourceTree = "<group>"; };
		D0D3999E16C1B5B600EA2497 /* PHArticleNavigationControllerViewController.m */ = {isa = PBXFileReference; fileEncoding = 4; lastKnownFileType = sourcecode.c.objc; path = PHArticleNavigationControllerViewController.m; sourceTree = "<group>"; };
		D0D399A016C1F1C400EA2497 /* contents@2x.png */ = {isa = PBXFileReference; lastKnownFileType = image.png; name = "contents@2x.png"; path = "Resources/contents@2x.png"; sourceTree = "<group>"; };
		D0D399A116C1F1C400EA2497 /* contents.png */ = {isa = PBXFileReference; lastKnownFileType = image.png; name = contents.png; path = Resources/contents.png; sourceTree = "<group>"; };
		D0D399A516C2DBF800EA2497 /* DejaVuSans-Oblique.ttf */ = {isa = PBXFileReference; lastKnownFileType = file; name = "DejaVuSans-Oblique.ttf"; path = "Resources/fonts/dejavu-fonts-ttf-2.33/ttf/DejaVuSans-Oblique.ttf"; sourceTree = "<group>"; };
		D0D399A616C2DBF800EA2497 /* DejaVuSans.ttf */ = {isa = PBXFileReference; lastKnownFileType = file; name = DejaVuSans.ttf; path = "Resources/fonts/dejavu-fonts-ttf-2.33/ttf/DejaVuSans.ttf"; sourceTree = "<group>"; };
		D0D399A716C2DBF800EA2497 /* DejaVuSans-Bold.ttf */ = {isa = PBXFileReference; lastKnownFileType = file; name = "DejaVuSans-Bold.ttf"; path = "Resources/fonts/dejavu-fonts-ttf-2.33/ttf/DejaVuSans-Bold.ttf"; sourceTree = "<group>"; };
		D0D399A816C2DBF800EA2497 /* DejaVuSans-BoldOblique.ttf */ = {isa = PBXFileReference; lastKnownFileType = file; name = "DejaVuSans-BoldOblique.ttf"; path = "Resources/fonts/dejavu-fonts-ttf-2.33/ttf/DejaVuSans-BoldOblique.ttf"; sourceTree = "<group>"; };
		D0D399B116C2E09300EA2497 /* DejaVuSerif-Bold.ttf */ = {isa = PBXFileReference; lastKnownFileType = file; name = "DejaVuSerif-Bold.ttf"; path = "Resources/fonts/dejavu-fonts-ttf-2.33/ttf/DejaVuSerif-Bold.ttf"; sourceTree = "<group>"; };
		D0D399B216C2E09300EA2497 /* DejaVuSerif-BoldItalic.ttf */ = {isa = PBXFileReference; lastKnownFileType = file; name = "DejaVuSerif-BoldItalic.ttf"; path = "Resources/fonts/dejavu-fonts-ttf-2.33/ttf/DejaVuSerif-BoldItalic.ttf"; sourceTree = "<group>"; };
		D0D399B316C2E09300EA2497 /* DejaVuSerif-Italic.ttf */ = {isa = PBXFileReference; lastKnownFileType = file; name = "DejaVuSerif-Italic.ttf"; path = "Resources/fonts/dejavu-fonts-ttf-2.33/ttf/DejaVuSerif-Italic.ttf"; sourceTree = "<group>"; };
		D0D399B416C2E09300EA2497 /* DejaVuSerif.ttf */ = {isa = PBXFileReference; lastKnownFileType = file; name = DejaVuSerif.ttf; path = "Resources/fonts/dejavu-fonts-ttf-2.33/ttf/DejaVuSerif.ttf"; sourceTree = "<group>"; };
		D0D399B916C2E4A800EA2497 /* LibreBaskerville-Bold.ttf */ = {isa = PBXFileReference; lastKnownFileType = file; name = "LibreBaskerville-Bold.ttf"; path = "Resources/fonts/pablo-impallari_libre-baskerville/LibreBaskerville-Bold.ttf"; sourceTree = "<group>"; };
		D0D399BA16C2E4A800EA2497 /* LibreBaskerville-Italic.ttf */ = {isa = PBXFileReference; lastKnownFileType = file; name = "LibreBaskerville-Italic.ttf"; path = "Resources/fonts/pablo-impallari_libre-baskerville/LibreBaskerville-Italic.ttf"; sourceTree = "<group>"; };
		D0D399BB16C2E4A800EA2497 /* LibreBaskerville-Regular.ttf */ = {isa = PBXFileReference; lastKnownFileType = file; name = "LibreBaskerville-Regular.ttf"; path = "Resources/fonts/pablo-impallari_libre-baskerville/LibreBaskerville-Regular.ttf"; sourceTree = "<group>"; };
		D0EB6F5715E3123100D3E790 /* icon-72.png */ = {isa = PBXFileReference; lastKnownFileType = image.png; name = "icon-72.png"; path = "../icon-72.png"; sourceTree = "<group>"; };
		D0EB6F5A15E3124500D3E790 /* icon-144.png */ = {isa = PBXFileReference; lastKnownFileType = image.png; name = "icon-144.png"; path = "../icon-144.png"; sourceTree = "<group>"; };
		D0EB6F5C15E31AFB00D3E790 /* Default-Landscape@2x~ipad.png */ = {isa = PBXFileReference; lastKnownFileType = image.png; name = "Default-Landscape@2x~ipad.png"; path = "../Default-Landscape@2x~ipad.png"; sourceTree = "<group>"; };
		D0EB6F5E15E31B0000D3E790 /* Default-Portrait@2x~ipad.png */ = {isa = PBXFileReference; lastKnownFileType = image.png; name = "Default-Portrait@2x~ipad.png"; path = "../Default-Portrait@2x~ipad.png"; sourceTree = "<group>"; };
		D0EB6F6015E31B0400D3E790 /* Default-Landscape~ipad.png */ = {isa = PBXFileReference; lastKnownFileType = image.png; name = "Default-Landscape~ipad.png"; path = "../Default-Landscape~ipad.png"; sourceTree = "<group>"; };
		D0EB6F6215E31B0800D3E790 /* Default-Portrait~ipad.png */ = {isa = PBXFileReference; lastKnownFileType = image.png; name = "Default-Portrait~ipad.png"; path = "../Default-Portrait~ipad.png"; sourceTree = "<group>"; };
		D0EB6F6415E4346D00D3E790 /* iTunesArtwork.png */ = {isa = PBXFileReference; lastKnownFileType = image.png; path = iTunesArtwork.png; sourceTree = SOURCE_ROOT; };
		D0ECA8C815DD9C1800D3C205 /* action.png */ = {isa = PBXFileReference; lastKnownFileType = image.png; name = action.png; path = Resources/action.png; sourceTree = "<group>"; };
		D0ECA8C915DD9C1800D3C205 /* action@2x.png */ = {isa = PBXFileReference; lastKnownFileType = image.png; name = "action@2x.png"; path = "Resources/action@2x.png"; sourceTree = "<group>"; };
		D0ED242915DDD35000AE4803 /* back.png */ = {isa = PBXFileReference; lastKnownFileType = image.png; name = back.png; path = Resources/back.png; sourceTree = "<group>"; };
		D0ED242A15DDD35000AE4803 /* back@2x.png */ = {isa = PBXFileReference; lastKnownFileType = image.png; name = "back@2x.png"; path = "Resources/back@2x.png"; sourceTree = "<group>"; };
		D0ED242D15DDD46B00AE4803 /* forward.png */ = {isa = PBXFileReference; lastKnownFileType = image.png; name = forward.png; path = Resources/forward.png; sourceTree = "<group>"; };
		D0ED242E15DDD46B00AE4803 /* forward@2x.png */ = {isa = PBXFileReference; lastKnownFileType = image.png; name = "forward@2x.png"; path = "Resources/forward@2x.png"; sourceTree = "<group>"; };
		D0ED8FBE165AEEBD0081E81E /* PHSearchViewController.h */ = {isa = PBXFileReference; fileEncoding = 4; lastKnownFileType = sourcecode.c.h; path = PHSearchViewController.h; sourceTree = "<group>"; };
		D0ED8FBF165AEEBD0081E81E /* PHSearchViewController.m */ = {isa = PBXFileReference; fileEncoding = 4; lastKnownFileType = sourcecode.c.objc; path = PHSearchViewController.m; sourceTree = "<group>"; };
		D0ED8FC2165B1F900081E81E /* RXMLElement.h */ = {isa = PBXFileReference; fileEncoding = 4; lastKnownFileType = sourcecode.c.h; path = RXMLElement.h; sourceTree = "<group>"; };
		D0ED8FC3165B1F900081E81E /* RXMLElement.m */ = {isa = PBXFileReference; fileEncoding = 4; lastKnownFileType = sourcecode.c.objc; path = RXMLElement.m; sourceTree = "<group>"; };
		D0ED8FC5165C6A950081E81E /* PHTableViewCell.h */ = {isa = PBXFileReference; fileEncoding = 4; lastKnownFileType = sourcecode.c.h; path = PHTableViewCell.h; sourceTree = "<group>"; };
		D0ED8FC6165C6A950081E81E /* PHTableViewCell.m */ = {isa = PBXFileReference; fileEncoding = 4; lastKnownFileType = sourcecode.c.objc; path = PHTableViewCell.m; sourceTree = "<group>"; };
		D0ED8FC8165C6B190081E81E /* PHTableViewCell.xib */ = {isa = PBXFileReference; fileEncoding = 4; lastKnownFileType = file.xib; path = PHTableViewCell.xib; sourceTree = "<group>"; };
		D0EEADE216FA29C900DBAC4C /* PHArticleReference.h */ = {isa = PBXFileReference; fileEncoding = 4; lastKnownFileType = sourcecode.c.h; path = PHArticleReference.h; sourceTree = "<group>"; };
		D0EEADE316FA29C900DBAC4C /* PHArticleReference.m */ = {isa = PBXFileReference; fileEncoding = 4; lastKnownFileType = sourcecode.c.objc; path = PHArticleReference.m; sourceTree = "<group>"; };
		D0EEADE616FA76DF00DBAC4C /* PopoverView.h */ = {isa = PBXFileReference; fileEncoding = 4; lastKnownFileType = sourcecode.c.h; path = PopoverView.h; sourceTree = "<group>"; };
		D0EEADE716FA76DF00DBAC4C /* PopoverView.m */ = {isa = PBXFileReference; fileEncoding = 4; lastKnownFileType = sourcecode.c.objc; path = PopoverView.m; sourceTree = "<group>"; };
		D0EEADE816FA76DF00DBAC4C /* PopoverView_Configuration.h */ = {isa = PBXFileReference; fileEncoding = 4; lastKnownFileType = sourcecode.c.h; path = PopoverView_Configuration.h; sourceTree = "<group>"; };
		D0EEADEA16FA76FF00DBAC4C /* RTLabel.h */ = {isa = PBXFileReference; fileEncoding = 4; lastKnownFileType = sourcecode.c.h; name = RTLabel.h; path = RTLabel/RTLabelProject/Classes/RTLabel.h; sourceTree = SOURCE_ROOT; };
		D0EEADEB16FA770000DBAC4C /* RTLabel.m */ = {isa = PBXFileReference; fileEncoding = 4; lastKnownFileType = sourcecode.c.objc; name = RTLabel.m; path = RTLabel/RTLabelProject/Classes/RTLabel.m; sourceTree = SOURCE_ROOT; };
		D0EEADEE16FA79D900DBAC4C /* CoreText.framework */ = {isa = PBXFileReference; lastKnownFileType = wrapper.framework; name = CoreText.framework; path = System/Library/Frameworks/CoreText.framework; sourceTree = SDKROOT; };
		D0EEADFD1704C1B500DBAC4C /* SCCalloutView.h */ = {isa = PBXFileReference; fileEncoding = 4; lastKnownFileType = sourcecode.c.h; name = SCCalloutView.h; path = SCPageScrubberBar/SCPageScrubberBar/SCCalloutView.h; sourceTree = SOURCE_ROOT; };
		D0EEADFE1704C1B500DBAC4C /* SCCalloutView.m */ = {isa = PBXFileReference; fileEncoding = 4; lastKnownFileType = sourcecode.c.objc; name = SCCalloutView.m; path = SCPageScrubberBar/SCPageScrubberBar/SCCalloutView.m; sourceTree = SOURCE_ROOT; };
		D0EEADFF1704C1B500DBAC4C /* SCPageScrubberBar.bundle */ = {isa = PBXFileReference; lastKnownFileType = "wrapper.plug-in"; name = SCPageScrubberBar.bundle; path = SCPageScrubberBar/SCPageScrubberBar/SCPageScrubberBar.bundle; sourceTree = SOURCE_ROOT; };
		D0EEAE001704C1B500DBAC4C /* SCPageScrubberBar.h */ = {isa = PBXFileReference; fileEncoding = 4; lastKnownFileType = sourcecode.c.h; name = SCPageScrubberBar.h; path = SCPageScrubberBar/SCPageScrubberBar/SCPageScrubberBar.h; sourceTree = SOURCE_ROOT; };
		D0EEAE011704C1B500DBAC4C /* SCPageScrubberBar.m */ = {isa = PBXFileReference; fileEncoding = 4; lastKnownFileType = sourcecode.c.objc; name = SCPageScrubberBar.m; path = SCPageScrubberBar/SCPageScrubberBar/SCPageScrubberBar.m; sourceTree = SOURCE_ROOT; };
		D0EEAE051708F5AC00DBAC4C /* TransparentToolbar.h */ = {isa = PBXFileReference; fileEncoding = 4; lastKnownFileType = sourcecode.c.h; path = TransparentToolbar.h; sourceTree = "<group>"; };
		D0EEAE061708F5AC00DBAC4C /* TransparentToolbar.m */ = {isa = PBXFileReference; fileEncoding = 4; lastKnownFileType = sourcecode.c.objc; path = TransparentToolbar.m; sourceTree = "<group>"; };
		D0EEAE09170A1F7F00DBAC4C /* paginate1.png */ = {isa = PBXFileReference; lastKnownFileType = image.png; name = paginate1.png; path = Resources/paginate1.png; sourceTree = "<group>"; };
		D0EEAE0A170A1F8000DBAC4C /* paginate1@2x.png */ = {isa = PBXFileReference; lastKnownFileType = image.png; name = "paginate1@2x.png"; path = "Resources/paginate1@2x.png"; sourceTree = "<group>"; };
		D0EEAE0B170A1F8000DBAC4C /* paginate2.png */ = {isa = PBXFileReference; lastKnownFileType = image.png; name = paginate2.png; path = Resources/paginate2.png; sourceTree = "<group>"; };
		D0EEAE0C170A1F8000DBAC4C /* paginate2@2x.png */ = {isa = PBXFileReference; lastKnownFileType = image.png; name = "paginate2@2x.png"; path = "Resources/paginate2@2x.png"; sourceTree = "<group>"; };
		D0EF085515D2FB2C005689E1 /* pmc_template.css */ = {isa = PBXFileReference; fileEncoding = 4; lastKnownFileType = text.css; name = pmc_template.css; path = Resources/pmc_template.css; sourceTree = "<group>"; };
		D0EF086A15D31306005689E1 /* defaults.plist */ = {isa = PBXFileReference; lastKnownFileType = file.bplist; name = defaults.plist; path = Resources/defaults.plist; sourceTree = "<group>"; };
		D0EFC97E15D4914F00C26580 /* fontsizel.png */ = {isa = PBXFileReference; lastKnownFileType = image.png; name = fontsizel.png; path = Resources/fontsizel.png; sourceTree = "<group>"; };
		D0EFC97F15D4914F00C26580 /* fontsizel@2x.png */ = {isa = PBXFileReference; lastKnownFileType = image.png; name = "fontsizel@2x.png"; path = "Resources/fontsizel@2x.png"; sourceTree = "<group>"; };
		D0EFC98015D4914F00C26580 /* fontsizem.png */ = {isa = PBXFileReference; lastKnownFileType = image.png; name = fontsizem.png; path = Resources/fontsizem.png; sourceTree = "<group>"; };
		D0EFC98115D4914F00C26580 /* fontsizem@2x.png */ = {isa = PBXFileReference; lastKnownFileType = image.png; name = "fontsizem@2x.png"; path = "Resources/fontsizem@2x.png"; sourceTree = "<group>"; };
		D0EFC98215D4915000C26580 /* fontsizes.png */ = {isa = PBXFileReference; lastKnownFileType = image.png; name = fontsizes.png; path = Resources/fontsizes.png; sourceTree = "<group>"; };
		D0EFC98315D4915000C26580 /* fontsizes@2x.png */ = {isa = PBXFileReference; lastKnownFileType = image.png; name = "fontsizes@2x.png"; path = "Resources/fontsizes@2x.png"; sourceTree = "<group>"; };
		D0EFC98A15D4952900C26580 /* lineheight1.png */ = {isa = PBXFileReference; lastKnownFileType = image.png; name = lineheight1.png; path = Resources/lineheight1.png; sourceTree = "<group>"; };
		D0EFC98B15D4952900C26580 /* lineheight1@2x.png */ = {isa = PBXFileReference; lastKnownFileType = image.png; name = "lineheight1@2x.png"; path = "Resources/lineheight1@2x.png"; sourceTree = "<group>"; };
		D0EFC98C15D4952900C26580 /* lineheight2.png */ = {isa = PBXFileReference; lastKnownFileType = image.png; name = lineheight2.png; path = Resources/lineheight2.png; sourceTree = "<group>"; };
		D0EFC98D15D4952900C26580 /* lineheight2@2x.png */ = {isa = PBXFileReference; lastKnownFileType = image.png; name = "lineheight2@2x.png"; path = "Resources/lineheight2@2x.png"; sourceTree = "<group>"; };
		D0EFC98E15D4952900C26580 /* lineheight3.png */ = {isa = PBXFileReference; lastKnownFileType = image.png; name = lineheight3.png; path = Resources/lineheight3.png; sourceTree = "<group>"; };
		D0EFC98F15D4952900C26580 /* lineheight3@2x.png */ = {isa = PBXFileReference; lastKnownFileType = image.png; name = "lineheight3@2x.png"; path = "Resources/lineheight3@2x.png"; sourceTree = "<group>"; };
		D0EFC99615D4987200C26580 /* margin1.png */ = {isa = PBXFileReference; lastKnownFileType = image.png; name = margin1.png; path = Resources/margin1.png; sourceTree = "<group>"; };
		D0EFC99715D4987200C26580 /* margin1@2x.png */ = {isa = PBXFileReference; lastKnownFileType = image.png; name = "margin1@2x.png"; path = "Resources/margin1@2x.png"; sourceTree = "<group>"; };
		D0EFC99815D4987200C26580 /* margin2.png */ = {isa = PBXFileReference; lastKnownFileType = image.png; name = margin2.png; path = Resources/margin2.png; sourceTree = "<group>"; };
		D0EFC99915D4987200C26580 /* margin2@2x.png */ = {isa = PBXFileReference; lastKnownFileType = image.png; name = "margin2@2x.png"; path = "Resources/margin2@2x.png"; sourceTree = "<group>"; };
		D0EFC99A15D4987200C26580 /* margin3.png */ = {isa = PBXFileReference; lastKnownFileType = image.png; name = margin3.png; path = Resources/margin3.png; sourceTree = "<group>"; };
		D0EFC99B15D4987200C26580 /* margin3@2x.png */ = {isa = PBXFileReference; lastKnownFileType = image.png; name = "margin3@2x.png"; path = "Resources/margin3@2x.png"; sourceTree = "<group>"; };
		D0EFC9A615D49BE400C26580 /* background3.png */ = {isa = PBXFileReference; lastKnownFileType = image.png; name = background3.png; path = Resources/background3.png; sourceTree = "<group>"; };
		D0EFC9A715D49BE400C26580 /* background3@2x.png */ = {isa = PBXFileReference; lastKnownFileType = image.png; name = "background3@2x.png"; path = "Resources/background3@2x.png"; sourceTree = "<group>"; };
		D0EFC9AA15D707CF00C26580 /* background1.png */ = {isa = PBXFileReference; lastKnownFileType = image.png; name = background1.png; path = Resources/background1.png; sourceTree = "<group>"; };
		D0EFC9AB15D707CF00C26580 /* background1@2x.png */ = {isa = PBXFileReference; lastKnownFileType = image.png; name = "background1@2x.png"; path = "Resources/background1@2x.png"; sourceTree = "<group>"; };
		D0EFC9AE15D70BD500C26580 /* background2.png */ = {isa = PBXFileReference; lastKnownFileType = image.png; name = background2.png; path = Resources/background2.png; sourceTree = "<group>"; };
		D0EFC9AF15D70BD500C26580 /* background2@2x.png */ = {isa = PBXFileReference; lastKnownFileType = image.png; name = "background2@2x.png"; path = "Resources/background2@2x.png"; sourceTree = "<group>"; };
		D0F4141416C711B60033C1E9 /* QuartzCore.framework */ = {isa = PBXFileReference; lastKnownFileType = wrapper.framework; name = QuartzCore.framework; path = System/Library/Frameworks/QuartzCore.framework; sourceTree = SDKROOT; };
		D0F41E38163C90620078DF2A /* MCSegmentedControl.h */ = {isa = PBXFileReference; fileEncoding = 4; lastKnownFileType = sourcecode.c.h; path = MCSegmentedControl.h; sourceTree = "<group>"; };
		D0F41E39163C90620078DF2A /* MCSegmentedControl.m */ = {isa = PBXFileReference; fileEncoding = 4; lastKnownFileType = sourcecode.c.objc; path = MCSegmentedControl.m; sourceTree = "<group>"; };
		D0F6004516375D9100ADBC38 /* en */ = {isa = PBXFileReference; lastKnownFileType = file.storyboard; name = en; path = en.lproj/iPad.storyboard; sourceTree = "<group>"; };
		D0F60051163775EF00ADBC38 /* PHMasterViewController.h */ = {isa = PBXFileReference; fileEncoding = 4; lastKnownFileType = sourcecode.c.h; path = PHMasterViewController.h; sourceTree = "<group>"; };
		D0F60052163775EF00ADBC38 /* PHMasterViewController.m */ = {isa = PBXFileReference; fileEncoding = 4; lastKnownFileType = sourcecode.c.objc; lineEnding = 0; path = PHMasterViewController.m; sourceTree = "<group>"; xcLanguageSpecificationIdentifier = xcode.lang.objc; };
		D0F9DA25170E5FB900FA64E5 /* PHColors.h */ = {isa = PBXFileReference; fileEncoding = 4; lastKnownFileType = sourcecode.c.h; path = PHColors.h; sourceTree = "<group>"; };
		D0F9DA26170E5FBA00FA64E5 /* PHColors.m */ = {isa = PBXFileReference; fileEncoding = 4; lastKnownFileType = sourcecode.c.objc; path = PHColors.m; sourceTree = "<group>"; };
		D0F9DA281710D7BF00FA64E5 /* TransparentNavigationBar.h */ = {isa = PBXFileReference; fileEncoding = 4; lastKnownFileType = sourcecode.c.h; path = TransparentNavigationBar.h; sourceTree = "<group>"; };
		D0F9DA291710D7BF00FA64E5 /* TransparentNavigationBar.m */ = {isa = PBXFileReference; fileEncoding = 4; lastKnownFileType = sourcecode.c.objc; path = TransparentNavigationBar.m; sourceTree = "<group>"; };
		D0F9DA2B1710EB4B00FA64E5 /* TransparentSearchBar.h */ = {isa = PBXFileReference; fileEncoding = 4; lastKnownFileType = sourcecode.c.h; path = TransparentSearchBar.h; sourceTree = "<group>"; };
		D0F9DA2C1710EB4B00FA64E5 /* TransparentSearchBar.m */ = {isa = PBXFileReference; fileEncoding = 4; lastKnownFileType = sourcecode.c.objc; path = TransparentSearchBar.m; sourceTree = "<group>"; };
/* End PBXFileReference section */

/* Begin PBXFrameworksBuildPhase section */
		D030E6AC15C0D2DB00CB5285 /* Frameworks */ = {
			isa = PBXFrameworksBuildPhase;
			buildActionMask = 2147483647;
			files = (
				D0EEADEF16FA79D900DBAC4C /* CoreText.framework in Frameworks */,
				D0F4141516C711B60033C1E9 /* QuartzCore.framework in Frameworks */,
				D0CDB7CD15C1BA4F0074B143 /* libxml2.dylib in Frameworks */,
				D030E6B415C0D2DB00CB5285 /* UIKit.framework in Frameworks */,
				D030E6B615C0D2DB00CB5285 /* Foundation.framework in Frameworks */,
				D030E6B815C0D2DB00CB5285 /* CoreGraphics.framework in Frameworks */,
			);
			runOnlyForDeploymentPostprocessing = 0;
		};
/* End PBXFrameworksBuildPhase section */

/* Begin PBXGroup section */
		D009A717171742ED00BC4D77 /* LXReorderableCollectionViewFlowLayout */ = {
			isa = PBXGroup;
			children = (
				D009A718171742ED00BC4D77 /* LXReorderableCollectionViewFlowLayout.h */,
				D009A719171742ED00BC4D77 /* LXReorderableCollectionViewFlowLayout.m */,
			);
			path = LXReorderableCollectionViewFlowLayout;
			sourceTree = "<group>";
		};
		D009A72217178E9600BC4D77 /* UILabel-VerticalAlignment */ = {
			isa = PBXGroup;
			children = (
				D009A72317178E9700BC4D77 /* UILabel+VerticalAlignment.h */,
				D009A72417178E9700BC4D77 /* UILabel+VerticalAlignment.m */,
			);
			path = "UILabel-VerticalAlignment";
			sourceTree = "<group>";
		};
		D030E6A415C0D2DB00CB5285 = {
			isa = PBXGroup;
			children = (
				D030E6B915C0D2DB00CB5285 /* PMC Reader */,
				D030E6B215C0D2DB00CB5285 /* Frameworks */,
				D030E6B015C0D2DB00CB5285 /* Products */,
			);
			sourceTree = "<group>";
		};
		D030E6B015C0D2DB00CB5285 /* Products */ = {
			isa = PBXGroup;
			children = (
				D030E6AF15C0D2DB00CB5285 /* PMC Reader.app */,
			);
			name = Products;
			sourceTree = "<group>";
		};
		D030E6B215C0D2DB00CB5285 /* Frameworks */ = {
			isa = PBXGroup;
			children = (
				D0EEADEE16FA79D900DBAC4C /* CoreText.framework */,
				D0F4141416C711B60033C1E9 /* QuartzCore.framework */,
				D0CDB7CC15C1BA4F0074B143 /* libxml2.dylib */,
				D030E6B315C0D2DB00CB5285 /* UIKit.framework */,
				D030E6B515C0D2DB00CB5285 /* Foundation.framework */,
				D030E6B715C0D2DB00CB5285 /* CoreGraphics.framework */,
			);
			name = Frameworks;
			sourceTree = "<group>";
		};
		D030E6B915C0D2DB00CB5285 /* PMC Reader */ = {
			isa = PBXGroup;
			children = (
				D05B89FA1725FB0700C61968 /* UIColor+Expanded */,
				D009A717171742ED00BC4D77 /* LXReorderableCollectionViewFlowLayout */,
				D0EEAE081708F5BF00DBAC4C /* TransparentToolbar */,
				D0EEADFC1704C1B400DBAC4C /* SCPageScrubberBar */,
				D0EEADED16FA770C00DBAC4C /* RTLabel */,
				D0EEADE516FA76DF00DBAC4C /* PopoverView */,
				D0ED8FC1165B1F8F0081E81E /* RaptureXML */,
				D0F41E37163C90620078DF2A /* MCSegmentedControl */,
				D0CDB7D415C1F59C0074B143 /* Parser */,
				D0363299166EBD81000D3C0B /* ArrayExtra */,
				D009A72217178E9600BC4D77 /* UILabel-VerticalAlignment */,
				D03632A01672990C000D3C0B /* DismissKeyboard */,
				D030E6C215C0D2DB00CB5285 /* PHAppDelegate.h */,
				D030E6C315C0D2DB00CB5285 /* PHAppDelegate.m */,
				D0F60051163775EF00ADBC38 /* PHMasterViewController.h */,
				D0F60052163775EF00ADBC38 /* PHMasterViewController.m */,
				D009A71E171787E800BC4D77 /* PHCollectionViewFlowLayout.h */,
				D009A71F171787EA00BC4D77 /* PHCollectionViewFlowLayout.m */,
				D030E6CB15C0D2DB00CB5285 /* PHDetailViewController.h */,
				D030E6CC15C0D2DB00CB5285 /* PHDetailViewController.m */,
				D0F9DA25170E5FB900FA64E5 /* PHColors.h */,
				D0F9DA26170E5FBA00FA64E5 /* PHColors.m */,
				D0D1C75915CB652A0097CA9C /* PHPrefViewController.h */,
				D0D1C75A15CB652A0097CA9C /* PHPrefViewController.m */,
				D0ED8FBE165AEEBD0081E81E /* PHSearchViewController.h */,
				D0ED8FBF165AEEBD0081E81E /* PHSearchViewController.m */,
				D009A71B171744A700BC4D77 /* PHCollectionViewCell.h */,
				D009A71C171744A800BC4D77 /* PHCollectionViewCell.m */,
				D0ED8FC5165C6A950081E81E /* PHTableViewCell.h */,
				D0ED8FC6165C6A950081E81E /* PHTableViewCell.m */,
				D0ED8FC8165C6B190081E81E /* PHTableViewCell.xib */,
				D036328716684C77000D3C0B /* PHDownloader.h */,
				D036328816684C77000D3C0B /* PHDownloader.m */,
				D036328F166961F2000D3C0B /* PHArticle.h */,
				D0363290166961F3000D3C0B /* PHArticle.m */,
				D0EEADE216FA29C900DBAC4C /* PHArticleReference.h */,
				D0EEADE316FA29C900DBAC4C /* PHArticleReference.m */,
				D0D3999A16C06FB800EA2497 /* PHArticleNavigationItem.h */,
				D0D3999B16C06FB800EA2497 /* PHArticleNavigationItem.m */,
				D0D3999D16C1B5B600EA2497 /* PHArticleNavigationControllerViewController.h */,
				D0D3999E16C1B5B600EA2497 /* PHArticleNavigationControllerViewController.m */,
				D0F6004416375D9100ADBC38 /* iPad.storyboard */,
				D030E6BA15C0D2DB00CB5285 /* Supporting Files */,
			);
			path = "PMC Reader";
			sourceTree = "<group>";
		};
		D030E6BA15C0D2DB00CB5285 /* Supporting Files */ = {
			isa = PBXGroup;
			children = (
				D0D399A416C2DB9D00EA2497 /* Fonts */,
				D0CDB7DB15C33FC90074B143 /* Resources */,
				D030E6BB15C0D2DB00CB5285 /* PMC Reader-Info.plist */,
				D030E6BC15C0D2DB00CB5285 /* InfoPlist.strings */,
				D030E6BF15C0D2DB00CB5285 /* main.m */,
				D030E6C115C0D2DB00CB5285 /* PMC Reader-Prefix.pch */,
			);
			name = "Supporting Files";
			sourceTree = "<group>";
		};
		D0363299166EBD81000D3C0B /* ArrayExtra */ = {
			isa = PBXGroup;
			children = (
				D0363292166AD2C5000D3C0B /* NSMutableArray+Extra.h */,
				D0363293166AD2C6000D3C0B /* NSMutableArray+Extra.m */,
			);
			name = ArrayExtra;
			sourceTree = "<group>";
		};
		D03632A01672990C000D3C0B /* DismissKeyboard */ = {
			isa = PBXGroup;
			children = (
				D036329D167296F5000D3C0B /* UINavigationController+DismissKeyboard.h */,
				D036329E167296F5000D3C0B /* UINavigationController+DismissKeyboard.m */,
			);
			name = DismissKeyboard;
			sourceTree = "<group>";
		};
		D05B89FA1725FB0700C61968 /* UIColor+Expanded */ = {
			isa = PBXGroup;
			children = (
				D05B89FB1725FB0800C61968 /* UIColor+Expanded.h */,
				D05B89FC1725FB0800C61968 /* UIColor+Expanded.m */,
			);
			name = "UIColor+Expanded";
			path = "uicolor-utilities/Color/UIColor+Expanded";
			sourceTree = SOURCE_ROOT;
		};
		D0CDB7D415C1F59C0074B143 /* Parser */ = {
			isa = PBXGroup;
			children = (
				D0CDB7CE15C1F5900074B143 /* HTMLNode.h */,
				D0CDB7CF15C1F5900074B143 /* HTMLNode.m */,
				D0CDB7D015C1F5900074B143 /* HTMLParser.h */,
				D0CDB7D115C1F5900074B143 /* HTMLParser.m */,
			);
			name = Parser;
			sourceTree = "<group>";
		};
		D0CDB7DB15C33FC90074B143 /* Resources */ = {
			isa = PBXGroup;
			children = (
				D0C96270172F1A170065720B /* home.png */,
				D0C96271172F1A170065720B /* home@2x.png */,
				D05B8A0C1728BE0F00C61968 /* grid.png */,
				D05B8A0D1728BE1000C61968 /* grid@2x.png */,
				D05B8A06172730C400C61968 /* stop.png */,
				D05B8A07172730C400C61968 /* stop@2x.png */,
				D05B8A02172720D200C61968 /* refresh.png */,
				D05B8A03172720D300C61968 /* refresh@2x.png */,
				D05B89FE1727111C00C61968 /* add.png */,
				D05B89FF1727111C00C61968 /* add@2x.png */,
				D05B89F6171F4E2900C61968 /* download.png */,
				D05B89F7171F4E2900C61968 /* download@2x.png */,
				D009A726171A2AD900BC4D77 /* delete.png */,
				D009A727171A2AD900BC4D77 /* delete@2x.png */,
				D0EEAE09170A1F7F00DBAC4C /* paginate1.png */,
				D0EEAE0A170A1F8000DBAC4C /* paginate1@2x.png */,
				D0EEAE0B170A1F8000DBAC4C /* paginate2.png */,
				D0EEAE0C170A1F8000DBAC4C /* paginate2@2x.png */,
				D0D399A016C1F1C400EA2497 /* contents@2x.png */,
				D0D399A116C1F1C400EA2497 /* contents.png */,
				D03632A11676829D000D3C0B /* text.png */,
				D03632A21676829D000D3C0B /* text@2x.png */,
				D0363295166EB00B000D3C0B /* edit.png */,
				D0363296166EB00B000D3C0B /* edit@2x.png */,
				D0EB6F6415E4346D00D3E790 /* iTunesArtwork.png */,
				D0EB6F5A15E3124500D3E790 /* icon-144.png */,
				D0EB6F5715E3123100D3E790 /* icon-72.png */,
				D0EB6F6215E31B0800D3E790 /* Default-Portrait~ipad.png */,
				D0EB6F6015E31B0400D3E790 /* Default-Landscape~ipad.png */,
				D0EB6F5E15E31B0000D3E790 /* Default-Portrait@2x~ipad.png */,
				D0EB6F5C15E31AFB00D3E790 /* Default-Landscape@2x~ipad.png */,
				D0ED242D15DDD46B00AE4803 /* forward.png */,
				D0ED242E15DDD46B00AE4803 /* forward@2x.png */,
				D0ED242915DDD35000AE4803 /* back.png */,
				D0ED242A15DDD35000AE4803 /* back@2x.png */,
				D0ECA8C815DD9C1800D3C205 /* action.png */,
				D0ECA8C915DD9C1800D3C205 /* action@2x.png */,
				D0EFC9AE15D70BD500C26580 /* background2.png */,
				D0EFC9AF15D70BD500C26580 /* background2@2x.png */,
				D0EFC9AA15D707CF00C26580 /* background1.png */,
				D0EFC9AB15D707CF00C26580 /* background1@2x.png */,
				D0EFC9A615D49BE400C26580 /* background3.png */,
				D0EFC9A715D49BE400C26580 /* background3@2x.png */,
				D0EFC99615D4987200C26580 /* margin1.png */,
				D0EFC99715D4987200C26580 /* margin1@2x.png */,
				D0EFC99815D4987200C26580 /* margin2.png */,
				D0EFC99915D4987200C26580 /* margin2@2x.png */,
				D0EFC99A15D4987200C26580 /* margin3.png */,
				D0EFC99B15D4987200C26580 /* margin3@2x.png */,
				D0EFC98A15D4952900C26580 /* lineheight1.png */,
				D0EFC98B15D4952900C26580 /* lineheight1@2x.png */,
				D0EFC98C15D4952900C26580 /* lineheight2.png */,
				D0EFC98D15D4952900C26580 /* lineheight2@2x.png */,
				D0EFC98E15D4952900C26580 /* lineheight3.png */,
				D0EFC98F15D4952900C26580 /* lineheight3@2x.png */,
				D0EFC97E15D4914F00C26580 /* fontsizel.png */,
				D0EFC97F15D4914F00C26580 /* fontsizel@2x.png */,
				D0EFC98015D4914F00C26580 /* fontsizem.png */,
				D0EFC98115D4914F00C26580 /* fontsizem@2x.png */,
				D0EFC98215D4915000C26580 /* fontsizes.png */,
				D0EFC98315D4915000C26580 /* fontsizes@2x.png */,
				D0EF086A15D31306005689E1 /* defaults.plist */,
				D0EF085515D2FB2C005689E1 /* pmc_template.css */,
				D0CDB7D615C33FB70074B143 /* pmc.js */,
				D0CDB7D715C33FB70074B143 /* pmc.html */,
			);
			name = Resources;
			sourceTree = "<group>";
		};
		D0D399A416C2DB9D00EA2497 /* Fonts */ = {
			isa = PBXGroup;
			children = (
				D0D399A616C2DBF800EA2497 /* DejaVuSans.ttf */,
				D0D399A516C2DBF800EA2497 /* DejaVuSans-Oblique.ttf */,
				D0D399A716C2DBF800EA2497 /* DejaVuSans-Bold.ttf */,
				D0D399A816C2DBF800EA2497 /* DejaVuSans-BoldOblique.ttf */,
				D0D399B416C2E09300EA2497 /* DejaVuSerif.ttf */,
				D0D399B116C2E09300EA2497 /* DejaVuSerif-Bold.ttf */,
				D0D399B216C2E09300EA2497 /* DejaVuSerif-BoldItalic.ttf */,
				D0D399B316C2E09300EA2497 /* DejaVuSerif-Italic.ttf */,
				D0D399B916C2E4A800EA2497 /* LibreBaskerville-Bold.ttf */,
				D0D399BA16C2E4A800EA2497 /* LibreBaskerville-Italic.ttf */,
				D0D399BB16C2E4A800EA2497 /* LibreBaskerville-Regular.ttf */,
			);
			name = Fonts;
			sourceTree = "<group>";
		};
		D0ED8FC1165B1F8F0081E81E /* RaptureXML */ = {
			isa = PBXGroup;
			children = (
				D0ED8FC2165B1F900081E81E /* RXMLElement.h */,
				D0ED8FC3165B1F900081E81E /* RXMLElement.m */,
			);
			name = RaptureXML;
			path = RaptureXML/RaptureXML;
			sourceTree = SOURCE_ROOT;
		};
		D0EEADE516FA76DF00DBAC4C /* PopoverView */ = {
			isa = PBXGroup;
			children = (
				D0EEADE616FA76DF00DBAC4C /* PopoverView.h */,
				D0EEADE716FA76DF00DBAC4C /* PopoverView.m */,
				D0EEADE816FA76DF00DBAC4C /* PopoverView_Configuration.h */,
			);
			name = PopoverView;
			path = PopoverView/PopoverView;
			sourceTree = SOURCE_ROOT;
		};
		D0EEADED16FA770C00DBAC4C /* RTLabel */ = {
			isa = PBXGroup;
			children = (
				D0EEADEA16FA76FF00DBAC4C /* RTLabel.h */,
				D0EEADEB16FA770000DBAC4C /* RTLabel.m */,
			);
			name = RTLabel;
			sourceTree = "<group>";
		};
		D0EEADFC1704C1B400DBAC4C /* SCPageScrubberBar */ = {
			isa = PBXGroup;
			children = (
				D0EEADFD1704C1B500DBAC4C /* SCCalloutView.h */,
				D0EEADFE1704C1B500DBAC4C /* SCCalloutView.m */,
				D0EEADFF1704C1B500DBAC4C /* SCPageScrubberBar.bundle */,
				D0EEAE001704C1B500DBAC4C /* SCPageScrubberBar.h */,
				D0EEAE011704C1B500DBAC4C /* SCPageScrubberBar.m */,
			);
			path = SCPageScrubberBar;
			sourceTree = "<group>";
		};
		D0EEAE081708F5BF00DBAC4C /* TransparentToolbar */ = {
			isa = PBXGroup;
			children = (
				D0EEAE051708F5AC00DBAC4C /* TransparentToolbar.h */,
				D0EEAE061708F5AC00DBAC4C /* TransparentToolbar.m */,
				D0F9DA2B1710EB4B00FA64E5 /* TransparentSearchBar.h */,
				D0F9DA2C1710EB4B00FA64E5 /* TransparentSearchBar.m */,
				D0F9DA281710D7BF00FA64E5 /* TransparentNavigationBar.h */,
				D0F9DA291710D7BF00FA64E5 /* TransparentNavigationBar.m */,
			);
			name = TransparentToolbar;
			sourceTree = "<group>";
		};
		D0F41E37163C90620078DF2A /* MCSegmentedControl */ = {
			isa = PBXGroup;
			children = (
				D0F41E38163C90620078DF2A /* MCSegmentedControl.h */,
				D0F41E39163C90620078DF2A /* MCSegmentedControl.m */,
			);
			name = MCSegmentedControl;
			path = MCSegmentedControl/MCSegmentedControlDemo/MCSegmentedControl;
			sourceTree = SOURCE_ROOT;
		};
/* End PBXGroup section */

/* Begin PBXNativeTarget section */
		D030E6AE15C0D2DB00CB5285 /* PMC Reader */ = {
			isa = PBXNativeTarget;
			buildConfigurationList = D030E6D015C0D2DB00CB5285 /* Build configuration list for PBXNativeTarget "PMC Reader" */;
			buildPhases = (
				D030E6AB15C0D2DB00CB5285 /* Sources */,
				D030E6AC15C0D2DB00CB5285 /* Frameworks */,
				D030E6AD15C0D2DB00CB5285 /* Resources */,
			);
			buildRules = (
			);
			dependencies = (
			);
			name = "PMC Reader";
			productName = "PMC Reader";
			productReference = D030E6AF15C0D2DB00CB5285 /* PMC Reader.app */;
			productType = "com.apple.product-type.application";
		};
/* End PBXNativeTarget section */

/* Begin PBXProject section */
		D030E6A615C0D2DB00CB5285 /* Project object */ = {
			isa = PBXProject;
			attributes = {
				CLASSPREFIX = PH;
				LastUpgradeCheck = 0500;
				ORGANIZATIONNAME = "Peter Hedlund";
				TargetAttributes = {
					D030E6AE15C0D2DB00CB5285 = {
						DevelopmentTeam = 73AQJ77PZ5;
					};
				};
			};
			buildConfigurationList = D030E6A915C0D2DB00CB5285 /* Build configuration list for PBXProject "PMC Reader" */;
			compatibilityVersion = "Xcode 3.2";
			developmentRegion = English;
			hasScannedForEncodings = 0;
			knownRegions = (
				en,
			);
			mainGroup = D030E6A415C0D2DB00CB5285;
			productRefGroup = D030E6B015C0D2DB00CB5285 /* Products */;
			projectDirPath = "";
			projectRoot = "";
			targets = (
				D030E6AE15C0D2DB00CB5285 /* PMC Reader */,
			);
		};
/* End PBXProject section */

/* Begin PBXResourcesBuildPhase section */
		D030E6AD15C0D2DB00CB5285 /* Resources */ = {
			isa = PBXResourcesBuildPhase;
			buildActionMask = 2147483647;
			files = (
				D030E6BE15C0D2DB00CB5285 /* InfoPlist.strings in Resources */,
				D0CDB7DA15C33FB70074B143 /* pmc.html in Resources */,
				D0CDB7DC15C340660074B143 /* pmc.js in Resources */,
				D0EF085615D2FB2C005689E1 /* pmc_template.css in Resources */,
				D0EF086B15D31306005689E1 /* defaults.plist in Resources */,
				D0EFC98415D4915100C26580 /* fontsizel.png in Resources */,
				D0EFC98515D4915100C26580 /* fontsizel@2x.png in Resources */,
				D0EFC98615D4915100C26580 /* fontsizem.png in Resources */,
				D0EFC98715D4915100C26580 /* fontsizem@2x.png in Resources */,
				D0EFC98815D4915100C26580 /* fontsizes.png in Resources */,
				D0EFC98915D4915100C26580 /* fontsizes@2x.png in Resources */,
				D0EFC99015D4952900C26580 /* lineheight1.png in Resources */,
				D0EFC99115D4952900C26580 /* lineheight1@2x.png in Resources */,
				D0EFC99215D4952900C26580 /* lineheight2.png in Resources */,
				D0EFC99315D4952900C26580 /* lineheight2@2x.png in Resources */,
				D0EFC99415D4952900C26580 /* lineheight3.png in Resources */,
				D0EFC99515D4952900C26580 /* lineheight3@2x.png in Resources */,
				D0EFC99C15D4987200C26580 /* margin1.png in Resources */,
				D0EFC99D15D4987200C26580 /* margin1@2x.png in Resources */,
				D0EFC99E15D4987200C26580 /* margin2.png in Resources */,
				D0EFC99F15D4987200C26580 /* margin2@2x.png in Resources */,
				D0EFC9A015D4987200C26580 /* margin3.png in Resources */,
				D0EFC9A115D4987200C26580 /* margin3@2x.png in Resources */,
				D0EFC9A815D49BE400C26580 /* background3.png in Resources */,
				D0EFC9A915D49BE400C26580 /* background3@2x.png in Resources */,
				D0EFC9AC15D707CF00C26580 /* background1.png in Resources */,
				D0EFC9AD15D707CF00C26580 /* background1@2x.png in Resources */,
				D0EFC9B015D70BD500C26580 /* background2.png in Resources */,
				D0EFC9B115D70BD500C26580 /* background2@2x.png in Resources */,
				D0ECA8CC15DD9C1800D3C205 /* action.png in Resources */,
				D0ECA8CD15DD9C1800D3C205 /* action@2x.png in Resources */,
				D0ED242B15DDD35000AE4803 /* back.png in Resources */,
				D0ED242C15DDD35000AE4803 /* back@2x.png in Resources */,
				D0ED242F15DDD46B00AE4803 /* forward.png in Resources */,
				D0ED243015DDD46B00AE4803 /* forward@2x.png in Resources */,
				D0EB6F5815E3123100D3E790 /* icon-72.png in Resources */,
				D0EB6F5B15E3124500D3E790 /* icon-144.png in Resources */,
				D0EB6F5D15E31AFB00D3E790 /* Default-Landscape@2x~ipad.png in Resources */,
				D0EB6F5F15E31B0000D3E790 /* Default-Portrait@2x~ipad.png in Resources */,
				D0EB6F6115E31B0400D3E790 /* Default-Landscape~ipad.png in Resources */,
				D0EB6F6315E31B0800D3E790 /* Default-Portrait~ipad.png in Resources */,
				D0EB6F6515E4346D00D3E790 /* iTunesArtwork.png in Resources */,
				D0F6004616375D9100ADBC38 /* iPad.storyboard in Resources */,
				D0ED8FC9165C6B190081E81E /* PHTableViewCell.xib in Resources */,
				D0363297166EB00B000D3C0B /* edit.png in Resources */,
				D0363298166EB00B000D3C0B /* edit@2x.png in Resources */,
				D03632A31676829D000D3C0B /* text.png in Resources */,
				D03632A41676829D000D3C0B /* text@2x.png in Resources */,
				D0D399A216C1F1C400EA2497 /* contents@2x.png in Resources */,
				D0D399A316C1F1C400EA2497 /* contents.png in Resources */,
				D0D399AA16C2DBF800EA2497 /* DejaVuSans-Oblique.ttf in Resources */,
				D0D399AB16C2DBF800EA2497 /* DejaVuSans.ttf in Resources */,
				D0D399AC16C2DBF800EA2497 /* DejaVuSans-Bold.ttf in Resources */,
				D0D399AD16C2DBF800EA2497 /* DejaVuSans-BoldOblique.ttf in Resources */,
				D0D399B516C2E09300EA2497 /* DejaVuSerif-Bold.ttf in Resources */,
				D0D399B616C2E09300EA2497 /* DejaVuSerif-BoldItalic.ttf in Resources */,
				D0D399B716C2E09300EA2497 /* DejaVuSerif-Italic.ttf in Resources */,
				D0D399B816C2E09300EA2497 /* DejaVuSerif.ttf in Resources */,
				D0D399BC16C2E4A800EA2497 /* LibreBaskerville-Bold.ttf in Resources */,
				D0D399BD16C2E4A800EA2497 /* LibreBaskerville-Italic.ttf in Resources */,
				D0D399BE16C2E4A800EA2497 /* LibreBaskerville-Regular.ttf in Resources */,
				D0EEAE031704C1B500DBAC4C /* SCPageScrubberBar.bundle in Resources */,
				D0EEAE0D170A1F8100DBAC4C /* paginate1.png in Resources */,
				D0EEAE0E170A1F8100DBAC4C /* paginate1@2x.png in Resources */,
				D0EEAE0F170A1F8100DBAC4C /* paginate2.png in Resources */,
				D0EEAE10170A1F8100DBAC4C /* paginate2@2x.png in Resources */,
				D009A728171A2AD900BC4D77 /* delete.png in Resources */,
				D009A729171A2AD900BC4D77 /* delete@2x.png in Resources */,
				D05B89F8171F4E2900C61968 /* download.png in Resources */,
				D05B89F9171F4E2900C61968 /* download@2x.png in Resources */,
				D05B8A001727111C00C61968 /* add.png in Resources */,
				D05B8A011727111C00C61968 /* add@2x.png in Resources */,
				D05B8A04172720D300C61968 /* refresh.png in Resources */,
				D05B8A05172720D300C61968 /* refresh@2x.png in Resources */,
				D05B8A08172730C400C61968 /* stop.png in Resources */,
				D05B8A09172730C400C61968 /* stop@2x.png in Resources */,
				D05B8A0E1728BE1100C61968 /* grid.png in Resources */,
				D05B8A0F1728BE1100C61968 /* grid@2x.png in Resources */,
				D0C96272172F1A170065720B /* home.png in Resources */,
				D0C96273172F1A170065720B /* home@2x.png in Resources */,
			);
			runOnlyForDeploymentPostprocessing = 0;
		};
/* End PBXResourcesBuildPhase section */

/* Begin PBXSourcesBuildPhase section */
		D030E6AB15C0D2DB00CB5285 /* Sources */ = {
			isa = PBXSourcesBuildPhase;
			buildActionMask = 2147483647;
			files = (
				D030E6C015C0D2DB00CB5285 /* main.m in Sources */,
				D030E6C415C0D2DB00CB5285 /* PHAppDelegate.m in Sources */,
				D030E6CD15C0D2DB00CB5285 /* PHDetailViewController.m in Sources */,
				D0CDB7D215C1F5900074B143 /* HTMLNode.m in Sources */,
				D0CDB7D315C1F5900074B143 /* HTMLParser.m in Sources */,
				D0D1C75B15CB652A0097CA9C /* PHPrefViewController.m in Sources */,
				D0F60055163775EF00ADBC38 /* PHMasterViewController.m in Sources */,
				D0F41E3A163C90620078DF2A /* MCSegmentedControl.m in Sources */,
				D0ED8FC0165AEEBD0081E81E /* PHSearchViewController.m in Sources */,
				D0ED8FC4165B1F900081E81E /* RXMLElement.m in Sources */,
				D0ED8FC7165C6A950081E81E /* PHTableViewCell.m in Sources */,
				D036328916684C77000D3C0B /* PHDownloader.m in Sources */,
				D0363291166961F3000D3C0B /* PHArticle.m in Sources */,
				D0363294166AD2C6000D3C0B /* NSMutableArray+Extra.m in Sources */,
				D036329F167296F6000D3C0B /* UINavigationController+DismissKeyboard.m in Sources */,
				D0D3999C16C06FB800EA2497 /* PHArticleNavigationItem.m in Sources */,
				D0D3999F16C1B5B600EA2497 /* PHArticleNavigationControllerViewController.m in Sources */,
				D0EEADE416FA29C900DBAC4C /* PHArticleReference.m in Sources */,
				D0EEADE916FA76DF00DBAC4C /* PopoverView.m in Sources */,
				D0EEADEC16FA770000DBAC4C /* RTLabel.m in Sources */,
				D0EEAE021704C1B500DBAC4C /* SCCalloutView.m in Sources */,
				D0EEAE041704C1B500DBAC4C /* SCPageScrubberBar.m in Sources */,
				D0EEAE071708F5AD00DBAC4C /* TransparentToolbar.m in Sources */,
				D0F9DA27170E5FBB00FA64E5 /* PHColors.m in Sources */,
				D0F9DA2A1710D7C000FA64E5 /* TransparentNavigationBar.m in Sources */,
				D0F9DA2D1710EB4C00FA64E5 /* TransparentSearchBar.m in Sources */,
				D009A71A171742ED00BC4D77 /* LXReorderableCollectionViewFlowLayout.m in Sources */,
				D009A71D171744A800BC4D77 /* PHCollectionViewCell.m in Sources */,
				D009A720171787EC00BC4D77 /* PHCollectionViewFlowLayout.m in Sources */,
				D009A72517178E9700BC4D77 /* UILabel+VerticalAlignment.m in Sources */,
				D05B89FD1725FB0800C61968 /* UIColor+Expanded.m in Sources */,
			);
			runOnlyForDeploymentPostprocessing = 0;
		};
/* End PBXSourcesBuildPhase section */

/* Begin PBXVariantGroup section */
		D030E6BC15C0D2DB00CB5285 /* InfoPlist.strings */ = {
			isa = PBXVariantGroup;
			children = (
				D030E6BD15C0D2DB00CB5285 /* en */,
			);
			name = InfoPlist.strings;
			sourceTree = "<group>";
		};
		D0F6004416375D9100ADBC38 /* iPad.storyboard */ = {
			isa = PBXVariantGroup;
			children = (
				D0F6004516375D9100ADBC38 /* en */,
			);
			name = iPad.storyboard;
			sourceTree = "<group>";
		};
/* End PBXVariantGroup section */

/* Begin XCBuildConfiguration section */
		D030E6CE15C0D2DB00CB5285 /* Debug */ = {
			isa = XCBuildConfiguration;
			buildSettings = {
				ALWAYS_SEARCH_USER_PATHS = NO;
				CLANG_CXX_LANGUAGE_STANDARD = "gnu++0x";
				CLANG_ENABLE_OBJC_ARC = YES;
				CLANG_WARN_BOOL_CONVERSION = YES;
				CLANG_WARN_CONSTANT_CONVERSION = YES;
				CLANG_WARN_EMPTY_BODY = YES;
				CLANG_WARN_ENUM_CONVERSION = YES;
				CLANG_WARN_INT_CONVERSION = YES;
				CLANG_WARN__DUPLICATE_METHOD_MATCH = YES;
				"CODE_SIGN_IDENTITY[sdk=iphoneos*]" = "iPhone Developer";
				COPY_PHASE_STRIP = NO;
				GCC_C_LANGUAGE_STANDARD = gnu99;
				GCC_DYNAMIC_NO_PIC = NO;
				GCC_OPTIMIZATION_LEVEL = 0;
				GCC_PREPROCESSOR_DEFINITIONS = (
					"DEBUG=1",
					"$(inherited)",
				);
				GCC_SYMBOLS_PRIVATE_EXTERN = NO;
				GCC_VERSION = com.apple.compilers.llvm.clang.1_0;
				GCC_WARN_64_TO_32_BIT_CONVERSION = YES;
				GCC_WARN_ABOUT_RETURN_TYPE = YES;
				GCC_WARN_UNDECLARED_SELECTOR = YES;
				GCC_WARN_UNINITIALIZED_AUTOS = YES;
				GCC_WARN_UNUSED_FUNCTION = YES;
				GCC_WARN_UNUSED_VARIABLE = YES;
				IPHONEOS_DEPLOYMENT_TARGET = 7.0;
				ONLY_ACTIVE_ARCH = YES;
				"PROVISIONING_PROFILE[sdk=iphoneos*]" = "";
				SDKROOT = iphoneos;
				TARGETED_DEVICE_FAMILY = 2;
			};
			name = Debug;
		};
		D030E6CF15C0D2DB00CB5285 /* Release */ = {
			isa = XCBuildConfiguration;
			buildSettings = {
				ALWAYS_SEARCH_USER_PATHS = NO;
				CLANG_CXX_LANGUAGE_STANDARD = "gnu++0x";
				CLANG_ENABLE_OBJC_ARC = YES;
				CLANG_WARN_BOOL_CONVERSION = YES;
				CLANG_WARN_CONSTANT_CONVERSION = YES;
				CLANG_WARN_EMPTY_BODY = YES;
				CLANG_WARN_ENUM_CONVERSION = YES;
				CLANG_WARN_INT_CONVERSION = YES;
				CLANG_WARN__DUPLICATE_METHOD_MATCH = YES;
				"CODE_SIGN_IDENTITY[sdk=iphoneos*]" = "iPhone Distribution";
				COPY_PHASE_STRIP = YES;
				GCC_C_LANGUAGE_STANDARD = gnu99;
				GCC_VERSION = com.apple.compilers.llvm.clang.1_0;
				GCC_WARN_64_TO_32_BIT_CONVERSION = YES;
				GCC_WARN_ABOUT_RETURN_TYPE = YES;
				GCC_WARN_UNDECLARED_SELECTOR = YES;
				GCC_WARN_UNINITIALIZED_AUTOS = YES;
				GCC_WARN_UNUSED_FUNCTION = YES;
				GCC_WARN_UNUSED_VARIABLE = YES;
				IPHONEOS_DEPLOYMENT_TARGET = 7.0;
				OTHER_CFLAGS = "-DNS_BLOCK_ASSERTIONS=1";
				"PROVISIONING_PROFILE[sdk=iphoneos*]" = "";
				SDKROOT = iphoneos;
				TARGETED_DEVICE_FAMILY = 2;
				VALIDATE_PRODUCT = YES;
			};
			name = Release;
		};
		D030E6D115C0D2DB00CB5285 /* Debug */ = {
			isa = XCBuildConfiguration;
			buildSettings = {
				CODE_SIGN_IDENTITY = "iPhone Developer";
				"CODE_SIGN_IDENTITY[sdk=iphoneos*]" = "iPhone Developer";
				GCC_PRECOMPILE_PREFIX_HEADER = YES;
				GCC_PREFIX_HEADER = "PMC Reader/PMC Reader-Prefix.pch";
				HEADER_SEARCH_PATHS = "$(SDKROOT)/usr/include/libxml2/**";
				INFOPLIST_FILE = "PMC Reader/PMC Reader-Info.plist";
				IPHONEOS_DEPLOYMENT_TARGET = 7.0;
				PRODUCT_NAME = "$(TARGET_NAME)";
				"PROVISIONING_PROFILE[sdk=iphoneos*]" = "";
				WRAPPER_EXTENSION = app;
			};
			name = Debug;
		};
		D030E6D215C0D2DB00CB5285 /* Release */ = {
			isa = XCBuildConfiguration;
			buildSettings = {
				CODE_SIGN_IDENTITY = "iPhone Developer";
				"CODE_SIGN_IDENTITY[sdk=iphoneos*]" = "iPhone Distribution: Peter Hedlund";
				GCC_PRECOMPILE_PREFIX_HEADER = YES;
				GCC_PREFIX_HEADER = "PMC Reader/PMC Reader-Prefix.pch";
				HEADER_SEARCH_PATHS = "$(SDKROOT)/usr/include/libxml2/**";
				INFOPLIST_FILE = "PMC Reader/PMC Reader-Info.plist";
				IPHONEOS_DEPLOYMENT_TARGET = 7.0;
				PRODUCT_NAME = "$(TARGET_NAME)";
				"PROVISIONING_PROFILE[sdk=iphoneos*]" = "0384CC2C-182E-415C-886B-60EC3757F3ED";
				WRAPPER_EXTENSION = app;
			};
			name = Release;
		};
/* End XCBuildConfiguration section */

/* Begin XCConfigurationList section */
		D030E6A915C0D2DB00CB5285 /* Build configuration list for PBXProject "PMC Reader" */ = {
			isa = XCConfigurationList;
			buildConfigurations = (
				D030E6CE15C0D2DB00CB5285 /* Debug */,
				D030E6CF15C0D2DB00CB5285 /* Release */,
			);
			defaultConfigurationIsVisible = 0;
			defaultConfigurationName = Release;
		};
		D030E6D015C0D2DB00CB5285 /* Build configuration list for PBXNativeTarget "PMC Reader" */ = {
			isa = XCConfigurationList;
			buildConfigurations = (
				D030E6D115C0D2DB00CB5285 /* Debug */,
				D030E6D215C0D2DB00CB5285 /* Release */,
			);
			defaultConfigurationIsVisible = 0;
			defaultConfigurationName = Release;
		};
/* End XCConfigurationList section */
	};
	rootObject = D030E6A615C0D2DB00CB5285 /* Project object */;
}
